
Microsoft Visual Studio Solution File, Format Version 12.00
# Visual Studio Version 17
VisualStudioVersion = 17.4.33205.214
MinimumVisualStudioVersion = 10.0.40219.1
Project("{9A19103F-16F7-4668-BE54-9A1E7A4F7556}") = "BJET.CodeSamurai", "BJET.CodeSamurai.csproj", "{BCA84CE7-A959-46C7-8A90-9F2ED6687F49}"
EndProject
Global
	GlobalSection(SolutionConfigurationPlatforms) = preSolution
		Debug|Any CPU = Debug|Any CPU
		Release|Any CPU = Release|Any CPU
	EndGlobalSection
	GlobalSection(ProjectConfigurationPlatforms) = postSolution
		{BCA84CE7-A959-46C7-8A90-9F2ED6687F49}.Debug|Any CPU.ActiveCfg = Debug|Any CPU
		{BCA84CE7-A959-46C7-8A90-9F2ED6687F49}.Debug|Any CPU.Build.0 = Debug|Any CPU
		{BCA84CE7-A959-46C7-8A90-9F2ED6687F49}.Release|Any CPU.ActiveCfg = Release|Any CPU
		{BCA84CE7-A959-46C7-8A90-9F2ED6687F49}.Release|Any CPU.Build.0 = Release|Any CPU
	EndGlobalSection
	GlobalSection(SolutionProperties) = preSolution
		HideSolutionNode = FALSE
	EndGlobalSection
	GlobalSection(ExtensibilityGlobals) = postSolution
		SolutionGuid = {B82DDCE6-3335-4DD2-972E-22A8C8FD9AB6}
	EndGlobalSection
EndGlobal
